// !$*UTF8*$!
{
	archiveVersion = 1;
	classes = {
	};
	objectVersion = 50;
	objects = {

/* Begin PBXBuildFile section */
		BAFD2AEF218C644E0014C164 /* main.m in Sources */ = {isa = PBXBuildFile; fileRef = BAFD2AEE218C644E0014C164 /* main.m */; };
		BAFD2AFA218C646D0014C164 /* HLBuildUtils.m in Sources */ = {isa = PBXBuildFile; fileRef = BAFD2AF7218C646D0014C164 /* HLBuildUtils.m */; };
		BAFD2AFB218C646D0014C164 /* HLPathUtil.m in Sources */ = {isa = PBXBuildFile; fileRef = BAFD2AF8218C646D0014C164 /* HLPathUtil.m */; };
		BAFD2AFE218C649D0014C164 /* HLBuildUtils.m in Sources */ = {isa = PBXBuildFile; fileRef = BAFD2AF7218C646D0014C164 /* HLBuildUtils.m */; };
		BAFD2AFF218C649D0014C164 /* HLPathUtil.m in Sources */ = {isa = PBXBuildFile; fileRef = BAFD2AF8218C646D0014C164 /* HLPathUtil.m */; };
		BAFD2B00218C649D0014C164 /* main.m in Sources */ = {isa = PBXBuildFile; fileRef = BAFD2AEE218C644E0014C164 /* main.m */; };
		BAFD2B09218C65010014C164 /* HLBuildUtils.m in Sources */ = {isa = PBXBuildFile; fileRef = BAFD2AF7218C646D0014C164 /* HLBuildUtils.m */; };
		BAFD2B0A218C65010014C164 /* HLPathUtil.m in Sources */ = {isa = PBXBuildFile; fileRef = BAFD2AF8218C646D0014C164 /* HLPathUtil.m */; };
		BAFD2B0B218C65010014C164 /* main.m in Sources */ = {isa = PBXBuildFile; fileRef = BAFD2AEE218C644E0014C164 /* main.m */; };
/* End PBXBuildFile section */

/* Begin PBXCopyFilesBuildPhase section */
		BAFD2AE9218C644E0014C164 /* CopyFiles */ = {
			isa = PBXCopyFilesBuildPhase;
			buildActionMask = 2147483647;
			dstPath = /usr/share/man/man1/;
			dstSubfolderSpec = 0;
			files = (
			);
			runOnlyForDeploymentPostprocessing = 1;
		};
		BAFD2B02218C649D0014C164 /* CopyFiles */ = {
			isa = PBXCopyFilesBuildPhase;
			buildActionMask = 2147483647;
			dstPath = /usr/share/man/man1/;
			dstSubfolderSpec = 0;
			files = (
			);
			runOnlyForDeploymentPostprocessing = 1;
		};
		BAFD2B0D218C65010014C164 /* CopyFiles */ = {
			isa = PBXCopyFilesBuildPhase;
			buildActionMask = 2147483647;
			dstPath = /usr/share/man/man1/;
			dstSubfolderSpec = 0;
			files = (
			);
			runOnlyForDeploymentPostprocessing = 1;
		};
/* End PBXCopyFilesBuildPhase section */

/* Begin PBXFileReference section */
		BAFD2AEB218C644E0014C164 /* Development */ = {isa = PBXFileReference; explicitFileType = "compiled.mach-o.executable"; includeInIndex = 0; path = Development; sourceTree = BUILT_PRODUCTS_DIR; };
		BAFD2AEE218C644E0014C164 /* main.m */ = {isa = PBXFileReference; lastKnownFileType = sourcecode.c.objc; path = main.m; sourceTree = "<group>"; };
		BAFD2AF5218C646D0014C164 /* Header.h */ = {isa = PBXFileReference; fileEncoding = 4; lastKnownFileType = sourcecode.c.h; path = Header.h; sourceTree = "<group>"; };
		BAFD2AF6218C646D0014C164 /* HLPathUtil.h */ = {isa = PBXFileReference; fileEncoding = 4; lastKnownFileType = sourcecode.c.h; path = HLPathUtil.h; sourceTree = "<group>"; };
		BAFD2AF7218C646D0014C164 /* HLBuildUtils.m */ = {isa = PBXFileReference; fileEncoding = 4; lastKnownFileType = sourcecode.c.objc; path = HLBuildUtils.m; sourceTree = "<group>"; };
		BAFD2AF8218C646D0014C164 /* HLPathUtil.m */ = {isa = PBXFileReference; fileEncoding = 4; lastKnownFileType = sourcecode.c.objc; path = HLPathUtil.m; sourceTree = "<group>"; };
		BAFD2AF9218C646D0014C164 /* HLBuildUtils.h */ = {isa = PBXFileReference; fileEncoding = 4; lastKnownFileType = sourcecode.c.h; path = HLBuildUtils.h; sourceTree = "<group>"; };
		BAFD2B06218C649D0014C164 /* Distribution */ = {isa = PBXFileReference; explicitFileType = "compiled.mach-o.executable"; includeInIndex = 0; path = Distribution; sourceTree = BUILT_PRODUCTS_DIR; };
		BAFD2B11218C65010014C164 /* HTTPS */ = {isa = PBXFileReference; explicitFileType = "compiled.mach-o.executable"; includeInIndex = 0; path = HTTPS; sourceTree = BUILT_PRODUCTS_DIR; };
/* End PBXFileReference section */

/* Begin PBXFrameworksBuildPhase section */
		BAFD2AE8218C644E0014C164 /* Frameworks */ = {
			isa = PBXFrameworksBuildPhase;
			buildActionMask = 2147483647;
			files = (
			);
			runOnlyForDeploymentPostprocessing = 0;
		};
		BAFD2B01218C649D0014C164 /* Frameworks */ = {
			isa = PBXFrameworksBuildPhase;
			buildActionMask = 2147483647;
			files = (
			);
			runOnlyForDeploymentPostprocessing = 0;
		};
		BAFD2B0C218C65010014C164 /* Frameworks */ = {
			isa = PBXFrameworksBuildPhase;
			buildActionMask = 2147483647;
			files = (
			);
			runOnlyForDeploymentPostprocessing = 0;
		};
/* End PBXFrameworksBuildPhase section */

/* Begin PBXGroup section */
		BAFD2AE2218C644E0014C164 = {
			isa = PBXGroup;
			children = (
				BAFD2AED218C644E0014C164 /* HLBuilder */,
				BAFD2AEC218C644E0014C164 /* Products */,
			);
			sourceTree = "<group>";
		};
		BAFD2AEC218C644E0014C164 /* Products */ = {
			isa = PBXGroup;
			children = (
				BAFD2AEB218C644E0014C164 /* Development */,
				BAFD2B06218C649D0014C164 /* Distribution */,
				BAFD2B11218C65010014C164 /* HTTPS */,
			);
			name = Products;
			sourceTree = "<group>";
		};
		BAFD2AED218C644E0014C164 /* HLBuilder */ = {
			isa = PBXGroup;
			children = (
				BAFD2AEE218C644E0014C164 /* main.m */,
				BAFD2AF5218C646D0014C164 /* Header.h */,
				BAFD2AF9218C646D0014C164 /* HLBuildUtils.h */,
				BAFD2AF7218C646D0014C164 /* HLBuildUtils.m */,
				BAFD2AF6218C646D0014C164 /* HLPathUtil.h */,
				BAFD2AF8218C646D0014C164 /* HLPathUtil.m */,
			);
			path = HLBuilder;
			sourceTree = "<group>";
		};
/* End PBXGroup section */

/* Begin PBXNativeTarget section */
		BAFD2AEA218C644E0014C164 /* Development */ = {
			isa = PBXNativeTarget;
			buildConfigurationList = BAFD2AF2218C644E0014C164 /* Build configuration list for PBXNativeTarget "Development" */;
			buildPhases = (
				BAFD2AE7218C644E0014C164 /* Sources */,
				BAFD2AE8218C644E0014C164 /* Frameworks */,
				BAFD2AE9218C644E0014C164 /* CopyFiles */,
			);
			buildRules = (
			);
			dependencies = (
			);
			name = Development;
			productName = HLBuilder;
			productReference = BAFD2AEB218C644E0014C164 /* Development */;
			productType = "com.apple.product-type.tool";
		};
		BAFD2AFC218C649D0014C164 /* Distribution */ = {
			isa = PBXNativeTarget;
			buildConfigurationList = BAFD2B03218C649D0014C164 /* Build configuration list for PBXNativeTarget "Distribution" */;
			buildPhases = (
				BAFD2AFD218C649D0014C164 /* Sources */,
				BAFD2B01218C649D0014C164 /* Frameworks */,
				BAFD2B02218C649D0014C164 /* CopyFiles */,
			);
			buildRules = (
			);
			dependencies = (
			);
			name = Distribution;
			productName = HLBuilder;
			productReference = BAFD2B06218C649D0014C164 /* Distribution */;
			productType = "com.apple.product-type.tool";
		};
		BAFD2B07218C65010014C164 /* HTTPS */ = {
			isa = PBXNativeTarget;
			buildConfigurationList = BAFD2B0E218C65010014C164 /* Build configuration list for PBXNativeTarget "HTTPS" */;
			buildPhases = (
				BAFD2B08218C65010014C164 /* Sources */,
				BAFD2B0C218C65010014C164 /* Frameworks */,
				BAFD2B0D218C65010014C164 /* CopyFiles */,
			);
			buildRules = (
			);
			dependencies = (
			);
			name = HTTPS;
			productName = HLBuilder;
			productReference = BAFD2B11218C65010014C164 /* HTTPS */;
			productType = "com.apple.product-type.tool";
		};
/* End PBXNativeTarget section */

/* Begin PBXProject section */
		BAFD2AE3218C644E0014C164 /* Project object */ = {
			isa = PBXProject;
			attributes = {
				LastUpgradeCheck = 1010;
				ORGANIZATIONNAME = " HomerLynn";
				TargetAttributes = {
					BAFD2AEA218C644E0014C164 = {
						CreatedOnToolsVersion = 10.1;
					};
				};
			};
			buildConfigurationList = BAFD2AE6218C644E0014C164 /* Build configuration list for PBXProject "HLBuilder" */;
			compatibilityVersion = "Xcode 9.3";
			developmentRegion = en;
			hasScannedForEncodings = 0;
			knownRegions = (
				en,
			);
			mainGroup = BAFD2AE2218C644E0014C164;
			productRefGroup = BAFD2AEC218C644E0014C164 /* Products */;
			projectDirPath = "";
			projectRoot = "";
			targets = (
				BAFD2AEA218C644E0014C164 /* Development */,
				BAFD2AFC218C649D0014C164 /* Distribution */,
				BAFD2B07218C65010014C164 /* HTTPS */,
			);
		};
/* End PBXProject section */

/* Begin PBXSourcesBuildPhase section */
		BAFD2AE7218C644E0014C164 /* Sources */ = {
			isa = PBXSourcesBuildPhase;
			buildActionMask = 2147483647;
			files = (
				BAFD2AFA218C646D0014C164 /* HLBuildUtils.m in Sources */,
				BAFD2AFB218C646D0014C164 /* HLPathUtil.m in Sources */,
				BAFD2AEF218C644E0014C164 /* main.m in Sources */,
			);
			runOnlyForDeploymentPostprocessing = 0;
		};
		BAFD2AFD218C649D0014C164 /* Sources */ = {
			isa = PBXSourcesBuildPhase;
			buildActionMask = 2147483647;
			files = (
				BAFD2AFE218C649D0014C164 /* HLBuildUtils.m in Sources */,
				BAFD2AFF218C649D0014C164 /* HLPathUtil.m in Sources */,
				BAFD2B00218C649D0014C164 /* main.m in Sources */,
			);
			runOnlyForDeploymentPostprocessing = 0;
		};
		BAFD2B08218C65010014C164 /* Sources */ = {
			isa = PBXSourcesBuildPhase;
			buildActionMask = 2147483647;
			files = (
				BAFD2B09218C65010014C164 /* HLBuildUtils.m in Sources */,
				BAFD2B0A218C65010014C164 /* HLPathUtil.m in Sources */,
				BAFD2B0B218C65010014C164 /* main.m in Sources */,
			);
			runOnlyForDeploymentPostprocessing = 0;
		};
/* End PBXSourcesBuildPhase section */

/* Begin XCBuildConfiguration section */
		BAFD2AF0218C644E0014C164 /* Debug */ = {
			isa = XCBuildConfiguration;
			buildSettings = {
				ALWAYS_SEARCH_USER_PATHS = NO;
				CLANG_ANALYZER_NONNULL = YES;
				CLANG_ANALYZER_NUMBER_OBJECT_CONVERSION = YES_AGGRESSIVE;
				CLANG_CXX_LANGUAGE_STANDARD = "gnu++14";
				CLANG_CXX_LIBRARY = "libc++";
				CLANG_ENABLE_MODULES = YES;
				CLANG_ENABLE_OBJC_ARC = YES;
				CLANG_ENABLE_OBJC_WEAK = YES;
				CLANG_WARN_BLOCK_CAPTURE_AUTORELEASING = YES;
				CLANG_WARN_BOOL_CONVERSION = YES;
				CLANG_WARN_COMMA = YES;
				CLANG_WARN_CONSTANT_CONVERSION = YES;
				CLANG_WARN_DEPRECATED_OBJC_IMPLEMENTATIONS = YES;
				CLANG_WARN_DIRECT_OBJC_ISA_USAGE = YES_ERROR;
				CLANG_WARN_DOCUMENTATION_COMMENTS = YES;
				CLANG_WARN_EMPTY_BODY = YES;
				CLANG_WARN_ENUM_CONVERSION = YES;
				CLANG_WARN_INFINITE_RECURSION = YES;
				CLANG_WARN_INT_CONVERSION = YES;
				CLANG_WARN_NON_LITERAL_NULL_CONVERSION = YES;
				CLANG_WARN_OBJC_IMPLICIT_RETAIN_SELF = YES;
				CLANG_WARN_OBJC_LITERAL_CONVERSION = YES;
				CLANG_WARN_OBJC_ROOT_CLASS = YES_ERROR;
				CLANG_WARN_RANGE_LOOP_ANALYSIS = YES;
				CLANG_WARN_STRICT_PROTOTYPES = YES;
				CLANG_WARN_SUSPICIOUS_MOVE = YES;
				CLANG_WARN_UNGUARDED_AVAILABILITY = YES_AGGRESSIVE;
				CLANG_WARN_UNREACHABLE_CODE = YES;
				CLANG_WARN__DUPLICATE_METHOD_MATCH = YES;
				CODE_SIGN_IDENTITY = "Mac Developer";
				COPY_PHASE_STRIP = NO;
				DEBUG_INFORMATION_FORMAT = dwarf;
				ENABLE_STRICT_OBJC_MSGSEND = YES;
				ENABLE_TESTABILITY = YES;
				GCC_C_LANGUAGE_STANDARD = gnu11;
				GCC_DYNAMIC_NO_PIC = NO;
				GCC_NO_COMMON_BLOCKS = YES;
				GCC_OPTIMIZATION_LEVEL = 0;
				GCC_PREPROCESSOR_DEFINITIONS = (
					"DEBUG=1",
					"$(inherited)",
				);
				GCC_WARN_64_TO_32_BIT_CONVERSION = YES;
				GCC_WARN_ABOUT_RETURN_TYPE = YES_ERROR;
				GCC_WARN_UNDECLARED_SELECTOR = YES;
				GCC_WARN_UNINITIALIZED_AUTOS = YES_AGGRESSIVE;
				GCC_WARN_UNUSED_FUNCTION = YES;
				GCC_WARN_UNUSED_VARIABLE = YES;
				MACOSX_DEPLOYMENT_TARGET = 10.14;
				MTL_ENABLE_DEBUG_INFO = INCLUDE_SOURCE;
				MTL_FAST_MATH = YES;
				ONLY_ACTIVE_ARCH = YES;
				SDKROOT = macosx;
			};
			name = Debug;
		};
		BAFD2AF1218C644E0014C164 /* Release */ = {
			isa = XCBuildConfiguration;
			buildSettings = {
				ALWAYS_SEARCH_USER_PATHS = NO;
				CLANG_ANALYZER_NONNULL = YES;
				CLANG_ANALYZER_NUMBER_OBJECT_CONVERSION = YES_AGGRESSIVE;
				CLANG_CXX_LANGUAGE_STANDARD = "gnu++14";
				CLANG_CXX_LIBRARY = "libc++";
				CLANG_ENABLE_MODULES = YES;
				CLANG_ENABLE_OBJC_ARC = YES;
				CLANG_ENABLE_OBJC_WEAK = YES;
				CLANG_WARN_BLOCK_CAPTURE_AUTORELEASING = YES;
				CLANG_WARN_BOOL_CONVERSION = YES;
				CLANG_WARN_COMMA = YES;
				CLANG_WARN_CONSTANT_CONVERSION = YES;
				CLANG_WARN_DEPRECATED_OBJC_IMPLEMENTATIONS = YES;
				CLANG_WARN_DIRECT_OBJC_ISA_USAGE = YES_ERROR;
				CLANG_WARN_DOCUMENTATION_COMMENTS = YES;
				CLANG_WARN_EMPTY_BODY = YES;
				CLANG_WARN_ENUM_CONVERSION = YES;
				CLANG_WARN_INFINITE_RECURSION = YES;
				CLANG_WARN_INT_CONVERSION = YES;
				CLANG_WARN_NON_LITERAL_NULL_CONVERSION = YES;
				CLANG_WARN_OBJC_IMPLICIT_RETAIN_SELF = YES;
				CLANG_WARN_OBJC_LITERAL_CONVERSION = YES;
				CLANG_WARN_OBJC_ROOT_CLASS = YES_ERROR;
				CLANG_WARN_RANGE_LOOP_ANALYSIS = YES;
				CLANG_WARN_STRICT_PROTOTYPES = YES;
				CLANG_WARN_SUSPICIOUS_MOVE = YES;
				CLANG_WARN_UNGUARDED_AVAILABILITY = YES_AGGRESSIVE;
				CLANG_WARN_UNREACHABLE_CODE = YES;
				CLANG_WARN__DUPLICATE_METHOD_MATCH = YES;
				CODE_SIGN_IDENTITY = "Mac Developer";
				COPY_PHASE_STRIP = NO;
				DEBUG_INFORMATION_FORMAT = "dwarf-with-dsym";
				ENABLE_NS_ASSERTIONS = NO;
				ENABLE_STRICT_OBJC_MSGSEND = YES;
				GCC_C_LANGUAGE_STANDARD = gnu11;
				GCC_NO_COMMON_BLOCKS = YES;
				GCC_WARN_64_TO_32_BIT_CONVERSION = YES;
				GCC_WARN_ABOUT_RETURN_TYPE = YES_ERROR;
				GCC_WARN_UNDECLARED_SELECTOR = YES;
				GCC_WARN_UNINITIALIZED_AUTOS = YES_AGGRESSIVE;
				GCC_WARN_UNUSED_FUNCTION = YES;
				GCC_WARN_UNUSED_VARIABLE = YES;
				MACOSX_DEPLOYMENT_TARGET = 10.14;
				MTL_ENABLE_DEBUG_INFO = NO;
				MTL_FAST_MATH = YES;
				SDKROOT = macosx;
			};
			name = Release;
		};
		BAFD2AF3218C644E0014C164 /* Debug */ = {
			isa = XCBuildConfiguration;
			buildSettings = {
				CODE_SIGN_STYLE = Automatic;
				DEVELOPMENT_TEAM = 3U4T4928GM;
				GCC_PREPROCESSOR_DEFINITIONS = (
					"DEBUG=1",
					"$(inherited)",
					"DEV=1",
				);
				PRODUCT_NAME = "$(TARGET_NAME)";
			};
			name = Debug;
		};
		BAFD2AF4218C644E0014C164 /* Release */ = {
			isa = XCBuildConfiguration;
			buildSettings = {
				CODE_SIGN_STYLE = Automatic;
				DEVELOPMENT_TEAM = 3U4T4928GM;
				GCC_PREPROCESSOR_DEFINITIONS = "DEV=1";
				PRODUCT_NAME = "$(TARGET_NAME)";
			};
			name = Release;
		};
		BAFD2B04218C649D0014C164 /* Debug */ = {
			isa = XCBuildConfiguration;
			buildSettings = {
				CODE_SIGN_STYLE = Automatic;
				DEVELOPMENT_TEAM = 3U4T4928GM;
				GCC_PREPROCESSOR_DEFINITIONS = (
					"DEBUG=1",
					"$(inherited)",
					"DIS=1",
				);
				PRODUCT_NAME = "$(TARGET_NAME)";
			};
			name = Debug;
		};
		BAFD2B05218C649D0014C164 /* Release */ = {
			isa = XCBuildConfiguration;
			buildSettings = {
				CODE_SIGN_STYLE = Automatic;
				DEVELOPMENT_TEAM = 3U4T4928GM;
				GCC_PREPROCESSOR_DEFINITIONS = "DIS=1";
				PRODUCT_NAME = "$(TARGET_NAME)";
			};
			name = Release;
		};
		BAFD2B0F218C65010014C164 /* Debug */ = {
			isa = XCBuildConfiguration;
			buildSettings = {
				CODE_SIGN_STYLE = Automatic;
				DEVELOPMENT_TEAM = 3U4T4928GM;
				GCC_PREPROCESSOR_DEFINITIONS = (
					"DEBUG=1",
					"$(inherited)",
					"DIS_HTTPS=1",
				);
				PRODUCT_NAME = "$(TARGET_NAME)";
			};
			name = Debug;
		};
		BAFD2B10218C65010014C164 /* Release */ = {
			isa = XCBuildConfiguration;
			buildSettings = {
				CODE_SIGN_STYLE = Automatic;
				DEVELOPMENT_TEAM = 3U4T4928GM;
				GCC_PREPROCESSOR_DEFINITIONS = "DIS_HTTPS=1";
				PRODUCT_NAME = "$(TARGET_NAME)";
			};
			name = Release;
		};
/* End XCBuildConfiguration section */

/* Begin XCConfigurationList section */
		BAFD2AE6218C644E0014C164 /* Build configuration list for PBXProject "HLBuilder" */ = {
			isa = XCConfigurationList;
			buildConfigurations = (
				BAFD2AF0218C644E0014C164 /* Debug */,
				BAFD2AF1218C644E0014C164 /* Release */,
			);
			defaultConfigurationIsVisible = 0;
			defaultConfigurationName = Release;
		};
		BAFD2AF2218C644E0014C164 /* Build configuration list for PBXNativeTarget "Development" */ = {
			isa = XCConfigurationList;
			buildConfigurations = (
				BAFD2AF3218C644E0014C164 /* Debug */,
				BAFD2AF4218C644E0014C164 /* Release */,
			);
			defaultConfigurationIsVisible = 0;
			defaultConfigurationName = Release;
		};
		BAFD2B03218C649D0014C164 /* Build configuration list for PBXNativeTarget "Distribution" */ = {
			isa = XCConfigurationList;
			buildConfigurations = (
				BAFD2B04218C649D0014C164 /* Debug */,
				BAFD2B05218C649D0014C164 /* Release */,
			);
			defaultConfigurationIsVisible = 0;
			defaultConfigurationName = Release;
		};
		BAFD2B0E218C65010014C164 /* Build configuration list for PBXNativeTarget "HTTPS" */ = {
			isa = XCConfigurationList;
			buildConfigurations = (
				BAFD2B0F218C65010014C164 /* Debug */,
				BAFD2B10218C65010014C164 /* Release */,
			);
			defaultConfigurationIsVisible = 0;
			defaultConfigurationName = Release;
		};
/* End XCConfigurationList section */
	};
	rootObject = BAFD2AE3218C644E0014C164 /* Project object */;
}
